
Microsoft Visual Studio Solution File, Format Version 12.00
# Visual Studio Version 17
VisualStudioVersion = 17.1.32228.430
MinimumVisualStudioVersion = 10.0.40219.1
Project("{9A19103F-16F7-4668-BE54-9A1E7A4F7556}") = "MiniShop.WebUI", "MiniShop.WebUI\MiniShop.WebUI.csproj", "{B1B8E80F-BB22-4742-BC14-5E5E8E3F6EB4}"
EndProject
Project("{9A19103F-16F7-4668-BE54-9A1E7A4F7556}") = "MiniShop.Data", "MiniShop.Data\MiniShop.Data.csproj", "{281F0F6A-3B64-43EC-A92F-162ED4A84073}"
EndProject
Project("{9A19103F-16F7-4668-BE54-9A1E7A4F7556}") = "MiniShop.Entity", "MiniShop.Entity\MiniShop.Entity.csproj", "{A2DD788A-C74F-43FB-B2B0-092EB08E61CF}"
EndProject
Project("{FAE04EC0-301F-11D3-BF4B-00C04F79EFBC}") = "MiniShop.Business", "MiniShop.Business\MiniShop.Business.csproj", "{A93CE8D4-8049-48E1-80A4-2ECB9771A961}"
EndProject
Global
	GlobalSection(SolutionConfigurationPlatforms) = preSolution
		Debug|Any CPU = Debug|Any CPU
		Release|Any CPU = Release|Any CPU
	EndGlobalSection
	GlobalSection(ProjectConfigurationPlatforms) = postSolution
		{B1B8E80F-BB22-4742-BC14-5E5E8E3F6EB4}.Debug|Any CPU.ActiveCfg = Debug|Any CPU
		{B1B8E80F-BB22-4742-BC14-5E5E8E3F6EB4}.Debug|Any CPU.Build.0 = Debug|Any CPU
		{B1B8E80F-BB22-4742-BC14-5E5E8E3F6EB4}.Release|Any CPU.ActiveCfg = Release|Any CPU
		{B1B8E80F-BB22-4742-BC14-5E5E8E3F6EB4}.Release|Any CPU.Build.0 = Release|Any CPU
		{281F0F6A-3B64-43EC-A92F-162ED4A84073}.Debug|Any CPU.ActiveCfg = Debug|Any CPU
		{281F0F6A-3B64-43EC-A92F-162ED4A84073}.Debug|Any CPU.Build.0 = Debug|Any CPU
		{281F0F6A-3B64-43EC-A92F-162ED4A84073}.Release|Any CPU.ActiveCfg = Release|Any CPU
		{281F0F6A-3B64-43EC-A92F-162ED4A84073}.Release|Any CPU.Build.0 = Release|Any CPU
		{A2DD788A-C74F-43FB-B2B0-092EB08E61CF}.Debug|Any CPU.ActiveCfg = Debug|Any CPU
		{A2DD788A-C74F-43FB-B2B0-092EB08E61CF}.Debug|Any CPU.Build.0 = Debug|Any CPU
		{A2DD788A-C74F-43FB-B2B0-092EB08E61CF}.Release|Any CPU.ActiveCfg = Release|Any CPU
		{A2DD788A-C74F-43FB-B2B0-092EB08E61CF}.Release|Any CPU.Build.0 = Release|Any CPU
		{A93CE8D4-8049-48E1-80A4-2ECB9771A961}.Debug|Any CPU.ActiveCfg = Debug|Any CPU
		{A93CE8D4-8049-48E1-80A4-2ECB9771A961}.Debug|Any CPU.Build.0 = Debug|Any CPU
		{A93CE8D4-8049-48E1-80A4-2ECB9771A961}.Release|Any CPU.ActiveCfg = Release|Any CPU
		{A93CE8D4-8049-48E1-80A4-2ECB9771A961}.Release|Any CPU.Build.0 = Release|Any CPU
	EndGlobalSection
	GlobalSection(SolutionProperties) = preSolution
		HideSolutionNode = FALSE
	EndGlobalSection
	GlobalSection(ExtensibilityGlobals) = postSolution
		SolutionGuid = {4B109923-4A24-466A-A131-DD892AE23847}
	EndGlobalSection
EndGlobal
